PODS:
  - lottie-ios (3.1.5)
  - R.swift (5.1.0):
    - R.swift.Library (~> 5.1.0)
  - R.swift.Library (5.1.0)
  - SwiftLint (0.38.2)

DEPENDENCIES:
  - lottie-ios
  - R.swift
  - SwiftLint

SPEC REPOS:
  trunk:
    - lottie-ios
    - R.swift
    - R.swift.Library
    - SwiftLint

SPEC CHECKSUMS:
  lottie-ios: 32bf84389337d86fbc8b12266e88452e0abf1dee
  R.swift: 8cbc4fc69b740305b6a17c8a8ed968eb788962d9
  R.swift.Library: fa85ce1e0d0b7e818cd9e080df910ba54d2776cc
  SwiftLint: 8f5d2f903e1c9bcbc832fd16771e80a263ac6cbb

PODFILE CHECKSUM: 7ddef16b8b52195c16f20e498bac32ccce4450b0

COCOAPODS: 1.8.4
