// !$*UTF8*$!
{
	archiveVersion = 1;
	classes = {
	};
	objectVersion = 51;
	objects = {

/* Begin PBXBuildFile section */
		54F4280DFDE24CC50DB15F21 /* Pods_ZeroWasteFriendlyTests.framework in Frameworks */ = {isa = PBXBuildFile; fileRef = F4468B796ECEE44862A815AF /* Pods_ZeroWasteFriendlyTests.framework */; };
		8A1C0582122923F329F28E67 /* Pods_ZeroWasteFriendly.framework in Frameworks */ = {isa = PBXBuildFile; fileRef = 7C8FAC18FC918574708C9063 /* Pods_ZeroWasteFriendly.framework */; };
		BA2BF88123EB36EA001508F9 /* ActivityInfoPresenter.swift in Sources */ = {isa = PBXBuildFile; fileRef = BA2BF87A23EB36EA001508F9 /* ActivityInfoPresenter.swift */; };
		BA2BF88223EB36EA001508F9 /* ActivityInfoWorker.swift in Sources */ = {isa = PBXBuildFile; fileRef = BA2BF87B23EB36EA001508F9 /* ActivityInfoWorker.swift */; };
		BA2BF88323EB36EA001508F9 /* ActivityInfoRouter.swift in Sources */ = {isa = PBXBuildFile; fileRef = BA2BF87C23EB36EA001508F9 /* ActivityInfoRouter.swift */; };
		BA2BF88423EB36EA001508F9 /* ActivityInfoController.swift in Sources */ = {isa = PBXBuildFile; fileRef = BA2BF87D23EB36EA001508F9 /* ActivityInfoController.swift */; };
		BA2BF88523EB36EA001508F9 /* ActivityInfoInteractor.swift in Sources */ = {isa = PBXBuildFile; fileRef = BA2BF87E23EB36EA001508F9 /* ActivityInfoInteractor.swift */; };
		BA2BF88623EB36EA001508F9 /* ActivityInfoCreator.swift in Sources */ = {isa = PBXBuildFile; fileRef = BA2BF87F23EB36EA001508F9 /* ActivityInfoCreator.swift */; };
		BA2BF88723EB36EA001508F9 /* ActivityInfoController.xib in Resources */ = {isa = PBXBuildFile; fileRef = BA2BF88023EB36EA001508F9 /* ActivityInfoController.xib */; };
		BA2BF89023EB372C001508F9 /* ActivityTilesPresenter.swift in Sources */ = {isa = PBXBuildFile; fileRef = BA2BF88923EB372C001508F9 /* ActivityTilesPresenter.swift */; };
		BA2BF89123EB372C001508F9 /* ActivityTilesWorker.swift in Sources */ = {isa = PBXBuildFile; fileRef = BA2BF88A23EB372C001508F9 /* ActivityTilesWorker.swift */; };
		BA2BF89223EB372C001508F9 /* ActivityTilesRouter.swift in Sources */ = {isa = PBXBuildFile; fileRef = BA2BF88B23EB372C001508F9 /* ActivityTilesRouter.swift */; };
		BA2BF89323EB372C001508F9 /* ActivityTilesController.swift in Sources */ = {isa = PBXBuildFile; fileRef = BA2BF88C23EB372C001508F9 /* ActivityTilesController.swift */; };
		BA2BF89423EB372C001508F9 /* ActivityTilesInteractor.swift in Sources */ = {isa = PBXBuildFile; fileRef = BA2BF88D23EB372C001508F9 /* ActivityTilesInteractor.swift */; };
		BA2BF89523EB372C001508F9 /* ActivityTilesCreator.swift in Sources */ = {isa = PBXBuildFile; fileRef = BA2BF88E23EB372C001508F9 /* ActivityTilesCreator.swift */; };
		BA2BF89623EB372C001508F9 /* ActivityTilesController.xib in Resources */ = {isa = PBXBuildFile; fileRef = BA2BF88F23EB372C001508F9 /* ActivityTilesController.xib */; };
		BA2BF89B23EB387B001508F9 /* logo.png in Resources */ = {isa = PBXBuildFile; fileRef = BA2BF89923EB387B001508F9 /* logo.png */; };
		BA2BF89C23EB387B001508F9 /* mockup.png in Resources */ = {isa = PBXBuildFile; fileRef = BA2BF89A23EB387B001508F9 /* mockup.png */; };
		BA2BF8A623EB3900001508F9 /* ActivityStatsPresenter.swift in Sources */ = {isa = PBXBuildFile; fileRef = BA2BF89F23EB3900001508F9 /* ActivityStatsPresenter.swift */; };
		BA2BF8A723EB3900001508F9 /* ActivityStatsWorker.swift in Sources */ = {isa = PBXBuildFile; fileRef = BA2BF8A023EB3900001508F9 /* ActivityStatsWorker.swift */; };
		BA2BF8A823EB3900001508F9 /* ActivityStatsRouter.swift in Sources */ = {isa = PBXBuildFile; fileRef = BA2BF8A123EB3900001508F9 /* ActivityStatsRouter.swift */; };
		BA2BF8A923EB3900001508F9 /* ActivityStatsController.swift in Sources */ = {isa = PBXBuildFile; fileRef = BA2BF8A223EB3900001508F9 /* ActivityStatsController.swift */; };
		BA2BF8AA23EB3900001508F9 /* ActivityStatsInteractor.swift in Sources */ = {isa = PBXBuildFile; fileRef = BA2BF8A323EB3900001508F9 /* ActivityStatsInteractor.swift */; };
		BA2BF8AB23EB3900001508F9 /* ActivityStatsCreator.swift in Sources */ = {isa = PBXBuildFile; fileRef = BA2BF8A423EB3900001508F9 /* ActivityStatsCreator.swift */; };
		BA2BF8AC23EB3900001508F9 /* ActivityStatsController.xib in Resources */ = {isa = PBXBuildFile; fileRef = BA2BF8A523EB3900001508F9 /* ActivityStatsController.xib */; };
		BA2BF8B523EB39A5001508F9 /* EcoMapPresenter.swift in Sources */ = {isa = PBXBuildFile; fileRef = BA2BF8AE23EB39A5001508F9 /* EcoMapPresenter.swift */; };
		BA2BF8B623EB39A5001508F9 /* EcoMapWorker.swift in Sources */ = {isa = PBXBuildFile; fileRef = BA2BF8AF23EB39A5001508F9 /* EcoMapWorker.swift */; };
		BA2BF8B723EB39A5001508F9 /* EcoMapRouter.swift in Sources */ = {isa = PBXBuildFile; fileRef = BA2BF8B023EB39A5001508F9 /* EcoMapRouter.swift */; };
		BA2BF8B823EB39A5001508F9 /* EcoMapController.swift in Sources */ = {isa = PBXBuildFile; fileRef = BA2BF8B123EB39A5001508F9 /* EcoMapController.swift */; };
		BA2BF8B923EB39A5001508F9 /* EcoMapInteractor.swift in Sources */ = {isa = PBXBuildFile; fileRef = BA2BF8B223EB39A5001508F9 /* EcoMapInteractor.swift */; };
		BA2BF8BA23EB39A5001508F9 /* EcoMapCreator.swift in Sources */ = {isa = PBXBuildFile; fileRef = BA2BF8B323EB39A5001508F9 /* EcoMapCreator.swift */; };
		BA2BF8BB23EB39A5001508F9 /* EcoMapController.xib in Resources */ = {isa = PBXBuildFile; fileRef = BA2BF8B423EB39A5001508F9 /* EcoMapController.xib */; };
		BA2BF8C423EB3A2B001508F9 /* LibraryListPresenter.swift in Sources */ = {isa = PBXBuildFile; fileRef = BA2BF8BD23EB3A2B001508F9 /* LibraryListPresenter.swift */; };
		BA2BF8C523EB3A2B001508F9 /* LibraryListWorker.swift in Sources */ = {isa = PBXBuildFile; fileRef = BA2BF8BE23EB3A2B001508F9 /* LibraryListWorker.swift */; };
		BA2BF8C623EB3A2B001508F9 /* LibraryListRouter.swift in Sources */ = {isa = PBXBuildFile; fileRef = BA2BF8BF23EB3A2B001508F9 /* LibraryListRouter.swift */; };
		BA2BF8C723EB3A2B001508F9 /* LibraryListController.swift in Sources */ = {isa = PBXBuildFile; fileRef = BA2BF8C023EB3A2B001508F9 /* LibraryListController.swift */; };
		BA2BF8C823EB3A2B001508F9 /* LibraryListInteractor.swift in Sources */ = {isa = PBXBuildFile; fileRef = BA2BF8C123EB3A2B001508F9 /* LibraryListInteractor.swift */; };
		BA2BF8C923EB3A2B001508F9 /* LibraryListCreator.swift in Sources */ = {isa = PBXBuildFile; fileRef = BA2BF8C223EB3A2B001508F9 /* LibraryListCreator.swift */; };
		BA2BF8CA23EB3A2B001508F9 /* LibraryListController.xib in Resources */ = {isa = PBXBuildFile; fileRef = BA2BF8C323EB3A2B001508F9 /* LibraryListController.xib */; };
		BA2BF8D323EB3AF8001508F9 /* UserAccountSignInPresenter.swift in Sources */ = {isa = PBXBuildFile; fileRef = BA2BF8CC23EB3AF7001508F9 /* UserAccountSignInPresenter.swift */; };
		BA2BF8D423EB3AF8001508F9 /* UserAccountSignInWorker.swift in Sources */ = {isa = PBXBuildFile; fileRef = BA2BF8CD23EB3AF7001508F9 /* UserAccountSignInWorker.swift */; };
		BA2BF8D523EB3AF8001508F9 /* UserAccountSignInRouter.swift in Sources */ = {isa = PBXBuildFile; fileRef = BA2BF8CE23EB3AF7001508F9 /* UserAccountSignInRouter.swift */; };
		BA2BF8D623EB3AF8001508F9 /* UserAccountSignInController.swift in Sources */ = {isa = PBXBuildFile; fileRef = BA2BF8CF23EB3AF7001508F9 /* UserAccountSignInController.swift */; };
		BA2BF8D723EB3AF8001508F9 /* UserAccountSignInInteractor.swift in Sources */ = {isa = PBXBuildFile; fileRef = BA2BF8D023EB3AF7001508F9 /* UserAccountSignInInteractor.swift */; };
		BA2BF8D823EB3AF8001508F9 /* UserAccountSignInCreator.swift in Sources */ = {isa = PBXBuildFile; fileRef = BA2BF8D123EB3AF7001508F9 /* UserAccountSignInCreator.swift */; };
		BA2BF8D923EB3AF8001508F9 /* UserAccountSignInController.xib in Resources */ = {isa = PBXBuildFile; fileRef = BA2BF8D223EB3AF8001508F9 /* UserAccountSignInController.xib */; };
		BA2BF8E223EB3B26001508F9 /* UserAccountSignUpPresenter.swift in Sources */ = {isa = PBXBuildFile; fileRef = BA2BF8DB23EB3B26001508F9 /* UserAccountSignUpPresenter.swift */; };
		BA2BF8E323EB3B26001508F9 /* UserAccountSignUpWorker.swift in Sources */ = {isa = PBXBuildFile; fileRef = BA2BF8DC23EB3B26001508F9 /* UserAccountSignUpWorker.swift */; };
		BA2BF8E423EB3B26001508F9 /* UserAccountSignUpRouter.swift in Sources */ = {isa = PBXBuildFile; fileRef = BA2BF8DD23EB3B26001508F9 /* UserAccountSignUpRouter.swift */; };
		BA2BF8E523EB3B26001508F9 /* UserAccountSignUpController.swift in Sources */ = {isa = PBXBuildFile; fileRef = BA2BF8DE23EB3B26001508F9 /* UserAccountSignUpController.swift */; };
		BA2BF8E623EB3B26001508F9 /* UserAccountSignUpInteractor.swift in Sources */ = {isa = PBXBuildFile; fileRef = BA2BF8DF23EB3B26001508F9 /* UserAccountSignUpInteractor.swift */; };
		BA2BF8E723EB3B26001508F9 /* UserAccountSignUpCreator.swift in Sources */ = {isa = PBXBuildFile; fileRef = BA2BF8E023EB3B26001508F9 /* UserAccountSignUpCreator.swift */; };
		BA2BF8E823EB3B26001508F9 /* UserAccountSignUpController.xib in Resources */ = {isa = PBXBuildFile; fileRef = BA2BF8E123EB3B26001508F9 /* UserAccountSignUpController.xib */; };
		BA2BF8EC23EB4B23001508F9 /* Colors.xcassets in Resources */ = {isa = PBXBuildFile; fileRef = BA2BF8EB23EB4B23001508F9 /* Colors.xcassets */; };
		BA2BF8EE23EB4C01001508F9 /* Montserrat-SemiBold.ttf in Resources */ = {isa = PBXBuildFile; fileRef = BA2BF8ED23EB4C01001508F9 /* Montserrat-SemiBold.ttf */; };
		BA2BF8F023EB4C29001508F9 /* Montserrat-Regular.ttf in Resources */ = {isa = PBXBuildFile; fileRef = BA2BF8EF23EB4C29001508F9 /* Montserrat-Regular.ttf */; };
		BA9DB86423CE6DEA004F86A0 /* AppDelegate.swift in Sources */ = {isa = PBXBuildFile; fileRef = BA9DB86323CE6DEA004F86A0 /* AppDelegate.swift */; };
		BA9DB86623CE6DEA004F86A0 /* SceneDelegate.swift in Sources */ = {isa = PBXBuildFile; fileRef = BA9DB86523CE6DEA004F86A0 /* SceneDelegate.swift */; };
		BA9DB86E23CE6DEA004F86A0 /* ZeroWasteFriendly.xcdatamodeld in Sources */ = {isa = PBXBuildFile; fileRef = BA9DB86C23CE6DEA004F86A0 /* ZeroWasteFriendly.xcdatamodeld */; };
		BA9DB87023CE6DED004F86A0 /* Assets.xcassets in Resources */ = {isa = PBXBuildFile; fileRef = BA9DB86F23CE6DED004F86A0 /* Assets.xcassets */; };
		BA9DB87323CE6DED004F86A0 /* LaunchScreen.storyboard in Resources */ = {isa = PBXBuildFile; fileRef = BA9DB87123CE6DED004F86A0 /* LaunchScreen.storyboard */; };
		BA9DB87E23CE6DED004F86A0 /* ZeroWasteFriendlyTests.swift in Sources */ = {isa = PBXBuildFile; fileRef = BA9DB87D23CE6DED004F86A0 /* ZeroWasteFriendlyTests.swift */; };
		BAA73F8223CF888E00B4FEC8 /* R.generated.swift in Sources */ = {isa = PBXBuildFile; fileRef = BAA73F8123CF888E00B4FEC8 /* R.generated.swift */; };
/* End PBXBuildFile section */

/* Begin PBXContainerItemProxy section */
		BA9DB87A23CE6DED004F86A0 /* PBXContainerItemProxy */ = {
			isa = PBXContainerItemProxy;
			containerPortal = BA9DB85823CE6DEA004F86A0 /* Project object */;
			proxyType = 1;
			remoteGlobalIDString = BA9DB85F23CE6DEA004F86A0;
			remoteInfo = ZeroWasteFriendly;
		};
/* End PBXContainerItemProxy section */

/* Begin PBXFileReference section */
		79D7FE21680A085AEC2AF910 /* Pods-ZeroWasteFriendlyTests.release.xcconfig */ = {isa = PBXFileReference; includeInIndex = 1; lastKnownFileType = text.xcconfig; name = "Pods-ZeroWasteFriendlyTests.release.xcconfig"; path = "Target Support Files/Pods-ZeroWasteFriendlyTests/Pods-ZeroWasteFriendlyTests.release.xcconfig"; sourceTree = "<group>"; };
		7C8FAC18FC918574708C9063 /* Pods_ZeroWasteFriendly.framework */ = {isa = PBXFileReference; explicitFileType = wrapper.framework; includeInIndex = 0; path = Pods_ZeroWasteFriendly.framework; sourceTree = BUILT_PRODUCTS_DIR; };
		BA2BF87A23EB36EA001508F9 /* ActivityInfoPresenter.swift */ = {isa = PBXFileReference; lastKnownFileType = sourcecode.swift; path = ActivityInfoPresenter.swift; sourceTree = "<group>"; };
		BA2BF87B23EB36EA001508F9 /* ActivityInfoWorker.swift */ = {isa = PBXFileReference; lastKnownFileType = sourcecode.swift; path = ActivityInfoWorker.swift; sourceTree = "<group>"; };
		BA2BF87C23EB36EA001508F9 /* ActivityInfoRouter.swift */ = {isa = PBXFileReference; lastKnownFileType = sourcecode.swift; path = ActivityInfoRouter.swift; sourceTree = "<group>"; };
		BA2BF87D23EB36EA001508F9 /* ActivityInfoController.swift */ = {isa = PBXFileReference; lastKnownFileType = sourcecode.swift; path = ActivityInfoController.swift; sourceTree = "<group>"; };
		BA2BF87E23EB36EA001508F9 /* ActivityInfoInteractor.swift */ = {isa = PBXFileReference; lastKnownFileType = sourcecode.swift; path = ActivityInfoInteractor.swift; sourceTree = "<group>"; };
		BA2BF87F23EB36EA001508F9 /* ActivityInfoCreator.swift */ = {isa = PBXFileReference; lastKnownFileType = sourcecode.swift; path = ActivityInfoCreator.swift; sourceTree = "<group>"; };
		BA2BF88023EB36EA001508F9 /* ActivityInfoController.xib */ = {isa = PBXFileReference; lastKnownFileType = file.xib; path = ActivityInfoController.xib; sourceTree = "<group>"; };
		BA2BF88923EB372C001508F9 /* ActivityTilesPresenter.swift */ = {isa = PBXFileReference; lastKnownFileType = sourcecode.swift; path = ActivityTilesPresenter.swift; sourceTree = "<group>"; };
		BA2BF88A23EB372C001508F9 /* ActivityTilesWorker.swift */ = {isa = PBXFileReference; lastKnownFileType = sourcecode.swift; path = ActivityTilesWorker.swift; sourceTree = "<group>"; };
		BA2BF88B23EB372C001508F9 /* ActivityTilesRouter.swift */ = {isa = PBXFileReference; lastKnownFileType = sourcecode.swift; path = ActivityTilesRouter.swift; sourceTree = "<group>"; };
		BA2BF88C23EB372C001508F9 /* ActivityTilesController.swift */ = {isa = PBXFileReference; lastKnownFileType = sourcecode.swift; path = ActivityTilesController.swift; sourceTree = "<group>"; };
		BA2BF88D23EB372C001508F9 /* ActivityTilesInteractor.swift */ = {isa = PBXFileReference; lastKnownFileType = sourcecode.swift; path = ActivityTilesInteractor.swift; sourceTree = "<group>"; };
		BA2BF88E23EB372C001508F9 /* ActivityTilesCreator.swift */ = {isa = PBXFileReference; lastKnownFileType = sourcecode.swift; path = ActivityTilesCreator.swift; sourceTree = "<group>"; };
		BA2BF88F23EB372C001508F9 /* ActivityTilesController.xib */ = {isa = PBXFileReference; lastKnownFileType = file.xib; path = ActivityTilesController.xib; sourceTree = "<group>"; };
		BA2BF89923EB387B001508F9 /* logo.png */ = {isa = PBXFileReference; lastKnownFileType = image.png; path = logo.png; sourceTree = "<group>"; };
		BA2BF89A23EB387B001508F9 /* mockup.png */ = {isa = PBXFileReference; lastKnownFileType = image.png; path = mockup.png; sourceTree = "<group>"; };
		BA2BF89F23EB3900001508F9 /* ActivityStatsPresenter.swift */ = {isa = PBXFileReference; lastKnownFileType = sourcecode.swift; path = ActivityStatsPresenter.swift; sourceTree = "<group>"; };
		BA2BF8A023EB3900001508F9 /* ActivityStatsWorker.swift */ = {isa = PBXFileReference; lastKnownFileType = sourcecode.swift; path = ActivityStatsWorker.swift; sourceTree = "<group>"; };
		BA2BF8A123EB3900001508F9 /* ActivityStatsRouter.swift */ = {isa = PBXFileReference; lastKnownFileType = sourcecode.swift; path = ActivityStatsRouter.swift; sourceTree = "<group>"; };
		BA2BF8A223EB3900001508F9 /* ActivityStatsController.swift */ = {isa = PBXFileReference; lastKnownFileType = sourcecode.swift; path = ActivityStatsController.swift; sourceTree = "<group>"; };
		BA2BF8A323EB3900001508F9 /* ActivityStatsInteractor.swift */ = {isa = PBXFileReference; lastKnownFileType = sourcecode.swift; path = ActivityStatsInteractor.swift; sourceTree = "<group>"; };
		BA2BF8A423EB3900001508F9 /* ActivityStatsCreator.swift */ = {isa = PBXFileReference; lastKnownFileType = sourcecode.swift; path = ActivityStatsCreator.swift; sourceTree = "<group>"; };
		BA2BF8A523EB3900001508F9 /* ActivityStatsController.xib */ = {isa = PBXFileReference; lastKnownFileType = file.xib; path = ActivityStatsController.xib; sourceTree = "<group>"; };
		BA2BF8AE23EB39A5001508F9 /* EcoMapPresenter.swift */ = {isa = PBXFileReference; lastKnownFileType = sourcecode.swift; path = EcoMapPresenter.swift; sourceTree = "<group>"; };
		BA2BF8AF23EB39A5001508F9 /* EcoMapWorker.swift */ = {isa = PBXFileReference; lastKnownFileType = sourcecode.swift; path = EcoMapWorker.swift; sourceTree = "<group>"; };
		BA2BF8B023EB39A5001508F9 /* EcoMapRouter.swift */ = {isa = PBXFileReference; lastKnownFileType = sourcecode.swift; path = EcoMapRouter.swift; sourceTree = "<group>"; };
		BA2BF8B123EB39A5001508F9 /* EcoMapController.swift */ = {isa = PBXFileReference; lastKnownFileType = sourcecode.swift; path = EcoMapController.swift; sourceTree = "<group>"; };
		BA2BF8B223EB39A5001508F9 /* EcoMapInteractor.swift */ = {isa = PBXFileReference; lastKnownFileType = sourcecode.swift; path = EcoMapInteractor.swift; sourceTree = "<group>"; };
		BA2BF8B323EB39A5001508F9 /* EcoMapCreator.swift */ = {isa = PBXFileReference; lastKnownFileType = sourcecode.swift; path = EcoMapCreator.swift; sourceTree = "<group>"; };
		BA2BF8B423EB39A5001508F9 /* EcoMapController.xib */ = {isa = PBXFileReference; lastKnownFileType = file.xib; path = EcoMapController.xib; sourceTree = "<group>"; };
		BA2BF8BD23EB3A2B001508F9 /* LibraryListPresenter.swift */ = {isa = PBXFileReference; lastKnownFileType = sourcecode.swift; path = LibraryListPresenter.swift; sourceTree = "<group>"; };
		BA2BF8BE23EB3A2B001508F9 /* LibraryListWorker.swift */ = {isa = PBXFileReference; lastKnownFileType = sourcecode.swift; path = LibraryListWorker.swift; sourceTree = "<group>"; };
		BA2BF8BF23EB3A2B001508F9 /* LibraryListRouter.swift */ = {isa = PBXFileReference; lastKnownFileType = sourcecode.swift; path = LibraryListRouter.swift; sourceTree = "<group>"; };
		BA2BF8C023EB3A2B001508F9 /* LibraryListController.swift */ = {isa = PBXFileReference; lastKnownFileType = sourcecode.swift; path = LibraryListController.swift; sourceTree = "<group>"; };
		BA2BF8C123EB3A2B001508F9 /* LibraryListInteractor.swift */ = {isa = PBXFileReference; lastKnownFileType = sourcecode.swift; path = LibraryListInteractor.swift; sourceTree = "<group>"; };
		BA2BF8C223EB3A2B001508F9 /* LibraryListCreator.swift */ = {isa = PBXFileReference; lastKnownFileType = sourcecode.swift; path = LibraryListCreator.swift; sourceTree = "<group>"; };
		BA2BF8C323EB3A2B001508F9 /* LibraryListController.xib */ = {isa = PBXFileReference; lastKnownFileType = file.xib; path = LibraryListController.xib; sourceTree = "<group>"; };
		BA2BF8CC23EB3AF7001508F9 /* UserAccountSignInPresenter.swift */ = {isa = PBXFileReference; lastKnownFileType = sourcecode.swift; path = UserAccountSignInPresenter.swift; sourceTree = "<group>"; };
		BA2BF8CD23EB3AF7001508F9 /* UserAccountSignInWorker.swift */ = {isa = PBXFileReference; lastKnownFileType = sourcecode.swift; path = UserAccountSignInWorker.swift; sourceTree = "<group>"; };
		BA2BF8CE23EB3AF7001508F9 /* UserAccountSignInRouter.swift */ = {isa = PBXFileReference; lastKnownFileType = sourcecode.swift; path = UserAccountSignInRouter.swift; sourceTree = "<group>"; };
		BA2BF8CF23EB3AF7001508F9 /* UserAccountSignInController.swift */ = {isa = PBXFileReference; lastKnownFileType = sourcecode.swift; path = UserAccountSignInController.swift; sourceTree = "<group>"; };
		BA2BF8D023EB3AF7001508F9 /* UserAccountSignInInteractor.swift */ = {isa = PBXFileReference; lastKnownFileType = sourcecode.swift; path = UserAccountSignInInteractor.swift; sourceTree = "<group>"; };
		BA2BF8D123EB3AF7001508F9 /* UserAccountSignInCreator.swift */ = {isa = PBXFileReference; lastKnownFileType = sourcecode.swift; path = UserAccountSignInCreator.swift; sourceTree = "<group>"; };
		BA2BF8D223EB3AF8001508F9 /* UserAccountSignInController.xib */ = {isa = PBXFileReference; lastKnownFileType = file.xib; path = UserAccountSignInController.xib; sourceTree = "<group>"; };
		BA2BF8DB23EB3B26001508F9 /* UserAccountSignUpPresenter.swift */ = {isa = PBXFileReference; lastKnownFileType = sourcecode.swift; path = UserAccountSignUpPresenter.swift; sourceTree = "<group>"; };
		BA2BF8DC23EB3B26001508F9 /* UserAccountSignUpWorker.swift */ = {isa = PBXFileReference; lastKnownFileType = sourcecode.swift; path = UserAccountSignUpWorker.swift; sourceTree = "<group>"; };
		BA2BF8DD23EB3B26001508F9 /* UserAccountSignUpRouter.swift */ = {isa = PBXFileReference; lastKnownFileType = sourcecode.swift; path = UserAccountSignUpRouter.swift; sourceTree = "<group>"; };
		BA2BF8DE23EB3B26001508F9 /* UserAccountSignUpController.swift */ = {isa = PBXFileReference; lastKnownFileType = sourcecode.swift; path = UserAccountSignUpController.swift; sourceTree = "<group>"; };
		BA2BF8DF23EB3B26001508F9 /* UserAccountSignUpInteractor.swift */ = {isa = PBXFileReference; lastKnownFileType = sourcecode.swift; path = UserAccountSignUpInteractor.swift; sourceTree = "<group>"; };
		BA2BF8E023EB3B26001508F9 /* UserAccountSignUpCreator.swift */ = {isa = PBXFileReference; lastKnownFileType = sourcecode.swift; path = UserAccountSignUpCreator.swift; sourceTree = "<group>"; };
		BA2BF8E123EB3B26001508F9 /* UserAccountSignUpController.xib */ = {isa = PBXFileReference; lastKnownFileType = file.xib; path = UserAccountSignUpController.xib; sourceTree = "<group>"; };
		BA2BF8EB23EB4B23001508F9 /* Colors.xcassets */ = {isa = PBXFileReference; lastKnownFileType = folder.assetcatalog; path = Colors.xcassets; sourceTree = "<group>"; };
		BA2BF8ED23EB4C01001508F9 /* Montserrat-SemiBold.ttf */ = {isa = PBXFileReference; lastKnownFileType = file; path = "Montserrat-SemiBold.ttf"; sourceTree = "<group>"; };
		BA2BF8EF23EB4C29001508F9 /* Montserrat-Regular.ttf */ = {isa = PBXFileReference; lastKnownFileType = file; path = "Montserrat-Regular.ttf"; sourceTree = "<group>"; };
		BA9DB86023CE6DEA004F86A0 /* ZeroWasteFriendly.app */ = {isa = PBXFileReference; explicitFileType = wrapper.application; includeInIndex = 0; path = ZeroWasteFriendly.app; sourceTree = BUILT_PRODUCTS_DIR; };
		BA9DB86323CE6DEA004F86A0 /* AppDelegate.swift */ = {isa = PBXFileReference; lastKnownFileType = sourcecode.swift; path = AppDelegate.swift; sourceTree = "<group>"; };
		BA9DB86523CE6DEA004F86A0 /* SceneDelegate.swift */ = {isa = PBXFileReference; lastKnownFileType = sourcecode.swift; path = SceneDelegate.swift; sourceTree = "<group>"; };
		BA9DB86D23CE6DEA004F86A0 /* ZeroWasteFriendly.xcdatamodel */ = {isa = PBXFileReference; lastKnownFileType = wrapper.xcdatamodel; path = ZeroWasteFriendly.xcdatamodel; sourceTree = "<group>"; };
		BA9DB86F23CE6DED004F86A0 /* Assets.xcassets */ = {isa = PBXFileReference; lastKnownFileType = folder.assetcatalog; path = Assets.xcassets; sourceTree = "<group>"; };
		BA9DB87223CE6DED004F86A0 /* Base */ = {isa = PBXFileReference; lastKnownFileType = file.storyboard; name = Base; path = Base.lproj/LaunchScreen.storyboard; sourceTree = "<group>"; };
		BA9DB87423CE6DED004F86A0 /* Info.plist */ = {isa = PBXFileReference; lastKnownFileType = text.plist.xml; path = Info.plist; sourceTree = "<group>"; };
		BA9DB87923CE6DED004F86A0 /* ZeroWasteFriendlyTests.xctest */ = {isa = PBXFileReference; explicitFileType = wrapper.cfbundle; includeInIndex = 0; path = ZeroWasteFriendlyTests.xctest; sourceTree = BUILT_PRODUCTS_DIR; };
		BA9DB87D23CE6DED004F86A0 /* ZeroWasteFriendlyTests.swift */ = {isa = PBXFileReference; lastKnownFileType = sourcecode.swift; path = ZeroWasteFriendlyTests.swift; sourceTree = "<group>"; };
		BA9DB87F23CE6DED004F86A0 /* Info.plist */ = {isa = PBXFileReference; lastKnownFileType = text.plist.xml; path = Info.plist; sourceTree = "<group>"; };
		BAA73F8123CF888E00B4FEC8 /* R.generated.swift */ = {isa = PBXFileReference; fileEncoding = 4; lastKnownFileType = sourcecode.swift; path = R.generated.swift; sourceTree = "<group>"; };
		BDD5FC18CF7A7D72C6CD9C94 /* Pods-ZeroWasteFriendly.debug.xcconfig */ = {isa = PBXFileReference; includeInIndex = 1; lastKnownFileType = text.xcconfig; name = "Pods-ZeroWasteFriendly.debug.xcconfig"; path = "Target Support Files/Pods-ZeroWasteFriendly/Pods-ZeroWasteFriendly.debug.xcconfig"; sourceTree = "<group>"; };
		C68352541383528B58DB47D0 /* Pods-ZeroWasteFriendlyTests.debug.xcconfig */ = {isa = PBXFileReference; includeInIndex = 1; lastKnownFileType = text.xcconfig; name = "Pods-ZeroWasteFriendlyTests.debug.xcconfig"; path = "Target Support Files/Pods-ZeroWasteFriendlyTests/Pods-ZeroWasteFriendlyTests.debug.xcconfig"; sourceTree = "<group>"; };
		F0FCD6613C06ED65052314E9 /* Pods-ZeroWasteFriendly.release.xcconfig */ = {isa = PBXFileReference; includeInIndex = 1; lastKnownFileType = text.xcconfig; name = "Pods-ZeroWasteFriendly.release.xcconfig"; path = "Target Support Files/Pods-ZeroWasteFriendly/Pods-ZeroWasteFriendly.release.xcconfig"; sourceTree = "<group>"; };
		F4468B796ECEE44862A815AF /* Pods_ZeroWasteFriendlyTests.framework */ = {isa = PBXFileReference; explicitFileType = wrapper.framework; includeInIndex = 0; path = Pods_ZeroWasteFriendlyTests.framework; sourceTree = BUILT_PRODUCTS_DIR; };
/* End PBXFileReference section */

/* Begin PBXFrameworksBuildPhase section */
		BA9DB85D23CE6DEA004F86A0 /* Frameworks */ = {
			isa = PBXFrameworksBuildPhase;
			buildActionMask = 2147483647;
			files = (
				8A1C0582122923F329F28E67 /* Pods_ZeroWasteFriendly.framework in Frameworks */,
			);
			runOnlyForDeploymentPostprocessing = 0;
		};
		BA9DB87623CE6DED004F86A0 /* Frameworks */ = {
			isa = PBXFrameworksBuildPhase;
			buildActionMask = 2147483647;
			files = (
				54F4280DFDE24CC50DB15F21 /* Pods_ZeroWasteFriendlyTests.framework in Frameworks */,
			);
			runOnlyForDeploymentPostprocessing = 0;
		};
/* End PBXFrameworksBuildPhase section */

/* Begin PBXGroup section */
		6F05A28DEC8621C0BF52BA4F /* Frameworks */ = {
			isa = PBXGroup;
			children = (
				7C8FAC18FC918574708C9063 /* Pods_ZeroWasteFriendly.framework */,
				F4468B796ECEE44862A815AF /* Pods_ZeroWasteFriendlyTests.framework */,
			);
			name = Frameworks;
			sourceTree = "<group>";
		};
		B135D7637C00712A95A435AF /* Pods */ = {
			isa = PBXGroup;
			children = (
				BDD5FC18CF7A7D72C6CD9C94 /* Pods-ZeroWasteFriendly.debug.xcconfig */,
				F0FCD6613C06ED65052314E9 /* Pods-ZeroWasteFriendly.release.xcconfig */,
				C68352541383528B58DB47D0 /* Pods-ZeroWasteFriendlyTests.debug.xcconfig */,
				79D7FE21680A085AEC2AF910 /* Pods-ZeroWasteFriendlyTests.release.xcconfig */,
			);
			path = Pods;
			sourceTree = "<group>";
		};
		BA25AD9123CF65B500C1A554 /* Support */ = {
			isa = PBXGroup;
			children = (
				BA9DB86323CE6DEA004F86A0 /* AppDelegate.swift */,
				BA9DB86523CE6DEA004F86A0 /* SceneDelegate.swift */,
				BAA73F8123CF888E00B4FEC8 /* R.generated.swift */,
				BA9DB87423CE6DED004F86A0 /* Info.plist */,
				BA9DB87123CE6DED004F86A0 /* LaunchScreen.storyboard */,
				BA9DB86F23CE6DED004F86A0 /* Assets.xcassets */,
				BA2BF8EB23EB4B23001508F9 /* Colors.xcassets */,
				BA2BF8EA23EB4AE1001508F9 /* Fonts */,
			);
			path = Support;
			sourceTree = "<group>";
		};
		BA2BF88823EB36EF001508F9 /* ActivityInfo */ = {
			isa = PBXGroup;
			children = (
				BA2BF87F23EB36EA001508F9 /* ActivityInfoCreator.swift */,
				BA2BF87D23EB36EA001508F9 /* ActivityInfoController.swift */,
				BA2BF88023EB36EA001508F9 /* ActivityInfoController.xib */,
				BA2BF87E23EB36EA001508F9 /* ActivityInfoInteractor.swift */,
				BA2BF87B23EB36EA001508F9 /* ActivityInfoWorker.swift */,
				BA2BF87A23EB36EA001508F9 /* ActivityInfoPresenter.swift */,
				BA2BF87C23EB36EA001508F9 /* ActivityInfoRouter.swift */,
			);
			path = ActivityInfo;
			sourceTree = "<group>";
		};
		BA2BF89723EB3730001508F9 /* ActivityTiles */ = {
			isa = PBXGroup;
			children = (
				BA2BF88E23EB372C001508F9 /* ActivityTilesCreator.swift */,
				BA2BF88C23EB372C001508F9 /* ActivityTilesController.swift */,
				BA2BF88F23EB372C001508F9 /* ActivityTilesController.xib */,
				BA2BF88D23EB372C001508F9 /* ActivityTilesInteractor.swift */,
				BA2BF88A23EB372C001508F9 /* ActivityTilesWorker.swift */,
				BA2BF88923EB372C001508F9 /* ActivityTilesPresenter.swift */,
				BA2BF88B23EB372C001508F9 /* ActivityTilesRouter.swift */,
			);
			path = ActivityTiles;
			sourceTree = "<group>";
		};
		BA2BF89823EB387B001508F9 /* Demo */ = {
			isa = PBXGroup;
			children = (
				BA2BF89923EB387B001508F9 /* logo.png */,
				BA2BF89A23EB387B001508F9 /* mockup.png */,
			);
			path = Demo;
			sourceTree = "<group>";
		};
		BA2BF8AD23EB3904001508F9 /* ActivityStats */ = {
			isa = PBXGroup;
			children = (
				BA2BF8A423EB3900001508F9 /* ActivityStatsCreator.swift */,
				BA2BF8A223EB3900001508F9 /* ActivityStatsController.swift */,
				BA2BF8A523EB3900001508F9 /* ActivityStatsController.xib */,
				BA2BF8A323EB3900001508F9 /* ActivityStatsInteractor.swift */,
				BA2BF8A023EB3900001508F9 /* ActivityStatsWorker.swift */,
				BA2BF89F23EB3900001508F9 /* ActivityStatsPresenter.swift */,
				BA2BF8A123EB3900001508F9 /* ActivityStatsRouter.swift */,
			);
			path = ActivityStats;
			sourceTree = "<group>";
		};
		BA2BF8BC23EB39A9001508F9 /* EcoMap */ = {
			isa = PBXGroup;
			children = (
				BA2BF8AE23EB39A5001508F9 /* EcoMapPresenter.swift */,
				BA2BF8AF23EB39A5001508F9 /* EcoMapWorker.swift */,
				BA2BF8B023EB39A5001508F9 /* EcoMapRouter.swift */,
				BA2BF8B123EB39A5001508F9 /* EcoMapController.swift */,
				BA2BF8B223EB39A5001508F9 /* EcoMapInteractor.swift */,
				BA2BF8B323EB39A5001508F9 /* EcoMapCreator.swift */,
				BA2BF8B423EB39A5001508F9 /* EcoMapController.xib */,
			);
			path = EcoMap;
			sourceTree = "<group>";
		};
		BA2BF8CB23EB3A2F001508F9 /* LibraryList */ = {
			isa = PBXGroup;
			children = (
				BA2BF8C223EB3A2B001508F9 /* LibraryListCreator.swift */,
				BA2BF8C023EB3A2B001508F9 /* LibraryListController.swift */,
				BA2BF8C323EB3A2B001508F9 /* LibraryListController.xib */,
				BA2BF8C123EB3A2B001508F9 /* LibraryListInteractor.swift */,
				BA2BF8BE23EB3A2B001508F9 /* LibraryListWorker.swift */,
				BA2BF8BD23EB3A2B001508F9 /* LibraryListPresenter.swift */,
				BA2BF8BF23EB3A2B001508F9 /* LibraryListRouter.swift */,
			);
			path = LibraryList;
			sourceTree = "<group>";
		};
		BA2BF8DA23EB3AFC001508F9 /* UserAccountSignIn */ = {
			isa = PBXGroup;
			children = (
				BA2BF8D123EB3AF7001508F9 /* UserAccountSignInCreator.swift */,
				BA2BF8CF23EB3AF7001508F9 /* UserAccountSignInController.swift */,
				BA2BF8D223EB3AF8001508F9 /* UserAccountSignInController.xib */,
				BA2BF8D023EB3AF7001508F9 /* UserAccountSignInInteractor.swift */,
				BA2BF8CD23EB3AF7001508F9 /* UserAccountSignInWorker.swift */,
				BA2BF8CC23EB3AF7001508F9 /* UserAccountSignInPresenter.swift */,
				BA2BF8CE23EB3AF7001508F9 /* UserAccountSignInRouter.swift */,
			);
			path = UserAccountSignIn;
			sourceTree = "<group>";
		};
		BA2BF8E923EB3B2B001508F9 /* UserAccountSignUp */ = {
			isa = PBXGroup;
			children = (
				BA2BF8E023EB3B26001508F9 /* UserAccountSignUpCreator.swift */,
				BA2BF8DE23EB3B26001508F9 /* UserAccountSignUpController.swift */,
				BA2BF8E123EB3B26001508F9 /* UserAccountSignUpController.xib */,
				BA2BF8DF23EB3B26001508F9 /* UserAccountSignUpInteractor.swift */,
				BA2BF8DC23EB3B26001508F9 /* UserAccountSignUpWorker.swift */,
				BA2BF8DB23EB3B26001508F9 /* UserAccountSignUpPresenter.swift */,
				BA2BF8DD23EB3B26001508F9 /* UserAccountSignUpRouter.swift */,
			);
			path = UserAccountSignUp;
			sourceTree = "<group>";
		};
		BA2BF8EA23EB4AE1001508F9 /* Fonts */ = {
			isa = PBXGroup;
			children = (
				BA2BF8ED23EB4C01001508F9 /* Montserrat-SemiBold.ttf */,
				BA2BF8EF23EB4C29001508F9 /* Montserrat-Regular.ttf */,
			);
			path = Fonts;
			sourceTree = "<group>";
		};
		BA9DB85723CE6DEA004F86A0 = {
			isa = PBXGroup;
			children = (
				BA2BF89823EB387B001508F9 /* Demo */,
				BA9DB86223CE6DEA004F86A0 /* ZeroWasteFriendly */,
				BA9DB87C23CE6DED004F86A0 /* ZeroWasteFriendlyTests */,
				BA9DB86123CE6DEA004F86A0 /* Products */,
				B135D7637C00712A95A435AF /* Pods */,
				6F05A28DEC8621C0BF52BA4F /* Frameworks */,
			);
			sourceTree = "<group>";
		};
		BA9DB86123CE6DEA004F86A0 /* Products */ = {
			isa = PBXGroup;
			children = (
				BA9DB86023CE6DEA004F86A0 /* ZeroWasteFriendly.app */,
				BA9DB87923CE6DED004F86A0 /* ZeroWasteFriendlyTests.xctest */,
			);
			name = Products;
			sourceTree = "<group>";
		};
		BA9DB86223CE6DEA004F86A0 /* ZeroWasteFriendly */ = {
			isa = PBXGroup;
			children = (
				BAA73F8723CF8E6200B4FEC8 /* Models */,
				BAA73F8823CF8E7000B4FEC8 /* Networking */,
				BAA73F8623CF8E3C00B4FEC8 /* Repository */,
				BAA73F8323CF8E1C00B4FEC8 /* Scenes */,
				BAA73F8523CF8E3300B4FEC8 /* Extensions */,
				BAA73F8423CF8E2800B4FEC8 /* Helpers */,
				BA25AD9123CF65B500C1A554 /* Support */,
			);
			path = ZeroWasteFriendly;
			sourceTree = "<group>";
		};
		BA9DB87C23CE6DED004F86A0 /* ZeroWasteFriendlyTests */ = {
			isa = PBXGroup;
			children = (
				BA9DB87D23CE6DED004F86A0 /* ZeroWasteFriendlyTests.swift */,
				BA9DB87F23CE6DED004F86A0 /* Info.plist */,
			);
			path = ZeroWasteFriendlyTests;
			sourceTree = "<group>";
		};
		BAA73F8323CF8E1C00B4FEC8 /* Scenes */ = {
			isa = PBXGroup;
			children = (
				BA2BF89723EB3730001508F9 /* ActivityTiles */,
				BA2BF88823EB36EF001508F9 /* ActivityInfo */,
				BA2BF8AD23EB3904001508F9 /* ActivityStats */,
				BA2BF8BC23EB39A9001508F9 /* EcoMap */,
				BA2BF8CB23EB3A2F001508F9 /* LibraryList */,
				BA2BF8DA23EB3AFC001508F9 /* UserAccountSignIn */,
				BA2BF8E923EB3B2B001508F9 /* UserAccountSignUp */,
			);
			path = Scenes;
			sourceTree = "<group>";
		};
		BAA73F8423CF8E2800B4FEC8 /* Helpers */ = {
			isa = PBXGroup;
			children = (
			);
			path = Helpers;
			sourceTree = "<group>";
		};
		BAA73F8523CF8E3300B4FEC8 /* Extensions */ = {
			isa = PBXGroup;
			children = (
			);
			path = Extensions;
			sourceTree = "<group>";
		};
		BAA73F8623CF8E3C00B4FEC8 /* Repository */ = {
			isa = PBXGroup;
			children = (
				BA9DB86C23CE6DEA004F86A0 /* ZeroWasteFriendly.xcdatamodeld */,
			);
			path = Repository;
			sourceTree = "<group>";
		};
		BAA73F8723CF8E6200B4FEC8 /* Models */ = {
			isa = PBXGroup;
			children = (
			);
			path = Models;
			sourceTree = "<group>";
		};
		BAA73F8823CF8E7000B4FEC8 /* Networking */ = {
			isa = PBXGroup;
			children = (
			);
			path = Networking;
			sourceTree = "<group>";
		};
/* End PBXGroup section */

/* Begin PBXNativeTarget section */
		BA9DB85F23CE6DEA004F86A0 /* ZeroWasteFriendly */ = {
			isa = PBXNativeTarget;
			buildConfigurationList = BA9DB88223CE6DED004F86A0 /* Build configuration list for PBXNativeTarget "ZeroWasteFriendly" */;
			buildPhases = (
				8E144BACF560F6B1261CDC32 /* [CP] Check Pods Manifest.lock */,
				BAA73F7F23CF879100B4FEC8 /* R.swift */,
				BA9DB85C23CE6DEA004F86A0 /* Sources */,
				BAA73F8023CF881C00B4FEC8 /* SwiftLint */,
				BA9DB85D23CE6DEA004F86A0 /* Frameworks */,
				BA9DB85E23CE6DEA004F86A0 /* Resources */,
				1A82F1D7FA558F6F8C0C2623 /* [CP] Embed Pods Frameworks */,
			);
			buildRules = (
			);
			dependencies = (
			);
			name = ZeroWasteFriendly;
			productName = ZeroWasteFriendly;
			productReference = BA9DB86023CE6DEA004F86A0 /* ZeroWasteFriendly.app */;
			productType = "com.apple.product-type.application";
		};
		BA9DB87823CE6DED004F86A0 /* ZeroWasteFriendlyTests */ = {
			isa = PBXNativeTarget;
			buildConfigurationList = BA9DB88523CE6DED004F86A0 /* Build configuration list for PBXNativeTarget "ZeroWasteFriendlyTests" */;
			buildPhases = (
				EE5F820CD75F1BC675B6B3B3 /* [CP] Check Pods Manifest.lock */,
				BA9DB87523CE6DED004F86A0 /* Sources */,
				BA9DB87623CE6DED004F86A0 /* Frameworks */,
				BA9DB87723CE6DED004F86A0 /* Resources */,
				62E36FA939BF567F9E245F23 /* [CP] Embed Pods Frameworks */,
			);
			buildRules = (
			);
			dependencies = (
				BA9DB87B23CE6DED004F86A0 /* PBXTargetDependency */,
			);
			name = ZeroWasteFriendlyTests;
			productName = ZeroWasteFriendlyTests;
			productReference = BA9DB87923CE6DED004F86A0 /* ZeroWasteFriendlyTests.xctest */;
			productType = "com.apple.product-type.bundle.unit-test";
		};
/* End PBXNativeTarget section */

/* Begin PBXProject section */
		BA9DB85823CE6DEA004F86A0 /* Project object */ = {
			isa = PBXProject;
			attributes = {
				LastSwiftUpdateCheck = 1130;
				LastUpgradeCheck = 1130;
				ORGANIZATIONNAME = vandermesis;
				TargetAttributes = {
					BA9DB85F23CE6DEA004F86A0 = {
						CreatedOnToolsVersion = 11.3.1;
					};
					BA9DB87823CE6DED004F86A0 = {
						CreatedOnToolsVersion = 11.3.1;
						TestTargetID = BA9DB85F23CE6DEA004F86A0;
					};
				};
			};
			buildConfigurationList = BA9DB85B23CE6DEA004F86A0 /* Build configuration list for PBXProject "ZeroWasteFriendly" */;
			compatibilityVersion = "Xcode 9.3";
			developmentRegion = en;
			hasScannedForEncodings = 0;
			knownRegions = (
				en,
				Base,
			);
			mainGroup = BA9DB85723CE6DEA004F86A0;
			productRefGroup = BA9DB86123CE6DEA004F86A0 /* Products */;
			projectDirPath = "";
			projectRoot = "";
			targets = (
				BA9DB85F23CE6DEA004F86A0 /* ZeroWasteFriendly */,
				BA9DB87823CE6DED004F86A0 /* ZeroWasteFriendlyTests */,
			);
		};
/* End PBXProject section */

/* Begin PBXResourcesBuildPhase section */
		BA9DB85E23CE6DEA004F86A0 /* Resources */ = {
			isa = PBXResourcesBuildPhase;
			buildActionMask = 2147483647;
			files = (
				BA2BF88723EB36EA001508F9 /* ActivityInfoController.xib in Resources */,
				BA2BF8CA23EB3A2B001508F9 /* LibraryListController.xib in Resources */,
				BA2BF8EC23EB4B23001508F9 /* Colors.xcassets in Resources */,
				BA2BF8F023EB4C29001508F9 /* Montserrat-Regular.ttf in Resources */,
				BA2BF8E823EB3B26001508F9 /* UserAccountSignUpController.xib in Resources */,
				BA2BF8BB23EB39A5001508F9 /* EcoMapController.xib in Resources */,
				BA2BF89B23EB387B001508F9 /* logo.png in Resources */,
				BA2BF8D923EB3AF8001508F9 /* UserAccountSignInController.xib in Resources */,
				BA9DB87323CE6DED004F86A0 /* LaunchScreen.storyboard in Resources */,
				BA2BF8AC23EB3900001508F9 /* ActivityStatsController.xib in Resources */,
				BA2BF8EE23EB4C01001508F9 /* Montserrat-SemiBold.ttf in Resources */,
				BA2BF89623EB372C001508F9 /* ActivityTilesController.xib in Resources */,
				BA2BF89C23EB387B001508F9 /* mockup.png in Resources */,
				BA9DB87023CE6DED004F86A0 /* Assets.xcassets in Resources */,
			);
			runOnlyForDeploymentPostprocessing = 0;
		};
		BA9DB87723CE6DED004F86A0 /* Resources */ = {
			isa = PBXResourcesBuildPhase;
			buildActionMask = 2147483647;
			files = (
			);
			runOnlyForDeploymentPostprocessing = 0;
		};
/* End PBXResourcesBuildPhase section */

/* Begin PBXShellScriptBuildPhase section */
		1A82F1D7FA558F6F8C0C2623 /* [CP] Embed Pods Frameworks */ = {
			isa = PBXShellScriptBuildPhase;
			buildActionMask = 2147483647;
			files = (
			);
			inputFileListPaths = (
				"${PODS_ROOT}/Target Support Files/Pods-ZeroWasteFriendly/Pods-ZeroWasteFriendly-frameworks-${CONFIGURATION}-input-files.xcfilelist",
			);
			name = "[CP] Embed Pods Frameworks";
			outputFileListPaths = (
				"${PODS_ROOT}/Target Support Files/Pods-ZeroWasteFriendly/Pods-ZeroWasteFriendly-frameworks-${CONFIGURATION}-output-files.xcfilelist",
			);
			runOnlyForDeploymentPostprocessing = 0;
			shellPath = /bin/sh;
			shellScript = "\"${PODS_ROOT}/Target Support Files/Pods-ZeroWasteFriendly/Pods-ZeroWasteFriendly-frameworks.sh\"\n";
			showEnvVarsInLog = 0;
		};
		62E36FA939BF567F9E245F23 /* [CP] Embed Pods Frameworks */ = {
			isa = PBXShellScriptBuildPhase;
			buildActionMask = 2147483647;
			files = (
			);
			inputFileListPaths = (
				"${PODS_ROOT}/Target Support Files/Pods-ZeroWasteFriendlyTests/Pods-ZeroWasteFriendlyTests-frameworks-${CONFIGURATION}-input-files.xcfilelist",
			);
			name = "[CP] Embed Pods Frameworks";
			outputFileListPaths = (
				"${PODS_ROOT}/Target Support Files/Pods-ZeroWasteFriendlyTests/Pods-ZeroWasteFriendlyTests-frameworks-${CONFIGURATION}-output-files.xcfilelist",
			);
			runOnlyForDeploymentPostprocessing = 0;
			shellPath = /bin/sh;
			shellScript = "\"${PODS_ROOT}/Target Support Files/Pods-ZeroWasteFriendlyTests/Pods-ZeroWasteFriendlyTests-frameworks.sh\"\n";
			showEnvVarsInLog = 0;
		};
		8E144BACF560F6B1261CDC32 /* [CP] Check Pods Manifest.lock */ = {
			isa = PBXShellScriptBuildPhase;
			buildActionMask = 2147483647;
			files = (
			);
			inputFileListPaths = (
			);
			inputPaths = (
				"${PODS_PODFILE_DIR_PATH}/Podfile.lock",
				"${PODS_ROOT}/Manifest.lock",
			);
			name = "[CP] Check Pods Manifest.lock";
			outputFileListPaths = (
			);
			outputPaths = (
				"$(DERIVED_FILE_DIR)/Pods-ZeroWasteFriendly-checkManifestLockResult.txt",
			);
			runOnlyForDeploymentPostprocessing = 0;
			shellPath = /bin/sh;
			shellScript = "diff \"${PODS_PODFILE_DIR_PATH}/Podfile.lock\" \"${PODS_ROOT}/Manifest.lock\" > /dev/null\nif [ $? != 0 ] ; then\n    # print error to STDERR\n    echo \"error: The sandbox is not in sync with the Podfile.lock. Run 'pod install' or update your CocoaPods installation.\" >&2\n    exit 1\nfi\n# This output is used by Xcode 'outputs' to avoid re-running this script phase.\necho \"SUCCESS\" > \"${SCRIPT_OUTPUT_FILE_0}\"\n";
			showEnvVarsInLog = 0;
		};
		BAA73F7F23CF879100B4FEC8 /* R.swift */ = {
			isa = PBXShellScriptBuildPhase;
			buildActionMask = 2147483647;
			files = (
			);
			inputFileListPaths = (
			);
			inputPaths = (
				"$TEMP_DIR/rswift-lastrun",
			);
			name = R.swift;
			outputFileListPaths = (
			);
			outputPaths = (
				$SRCROOT/ZeroWasteFriendly/Support/R.generated.swift,
			);
			runOnlyForDeploymentPostprocessing = 0;
			shellPath = /bin/sh;
			shellScript = "\"$PODS_ROOT/R.swift/rswift\" generate \"$SRCROOT/ZeroWasteFriendly/Support/R.generated.swift\"\n";
		};
		BAA73F8023CF881C00B4FEC8 /* SwiftLint */ = {
			isa = PBXShellScriptBuildPhase;
			buildActionMask = 2147483647;
			files = (
			);
			inputFileListPaths = (
			);
			inputPaths = (
			);
			name = SwiftLint;
			outputFileListPaths = (
			);
			outputPaths = (
			);
			runOnlyForDeploymentPostprocessing = 0;
			shellPath = /bin/sh;
			shellScript = "\"${PODS_ROOT}/SwiftLint/swiftlint\"\n";
		};
		EE5F820CD75F1BC675B6B3B3 /* [CP] Check Pods Manifest.lock */ = {
			isa = PBXShellScriptBuildPhase;
			buildActionMask = 2147483647;
			files = (
			);
			inputFileListPaths = (
			);
			inputPaths = (
				"${PODS_PODFILE_DIR_PATH}/Podfile.lock",
				"${PODS_ROOT}/Manifest.lock",
			);
			name = "[CP] Check Pods Manifest.lock";
			outputFileListPaths = (
			);
			outputPaths = (
				"$(DERIVED_FILE_DIR)/Pods-ZeroWasteFriendlyTests-checkManifestLockResult.txt",
			);
			runOnlyForDeploymentPostprocessing = 0;
			shellPath = /bin/sh;
			shellScript = "diff \"${PODS_PODFILE_DIR_PATH}/Podfile.lock\" \"${PODS_ROOT}/Manifest.lock\" > /dev/null\nif [ $? != 0 ] ; then\n    # print error to STDERR\n    echo \"error: The sandbox is not in sync with the Podfile.lock. Run 'pod install' or update your CocoaPods installation.\" >&2\n    exit 1\nfi\n# This output is used by Xcode 'outputs' to avoid re-running this script phase.\necho \"SUCCESS\" > \"${SCRIPT_OUTPUT_FILE_0}\"\n";
			showEnvVarsInLog = 0;
		};
/* End PBXShellScriptBuildPhase section */

/* Begin PBXSourcesBuildPhase section */
		BA9DB85C23CE6DEA004F86A0 /* Sources */ = {
			isa = PBXSourcesBuildPhase;
			buildActionMask = 2147483647;
			files = (
				BA2BF89123EB372C001508F9 /* ActivityTilesWorker.swift in Sources */,
				BA2BF8E623EB3B26001508F9 /* UserAccountSignUpInteractor.swift in Sources */,
				BA2BF88223EB36EA001508F9 /* ActivityInfoWorker.swift in Sources */,
				BA2BF8D623EB3AF8001508F9 /* UserAccountSignInController.swift in Sources */,
				BA2BF8A623EB3900001508F9 /* ActivityStatsPresenter.swift in Sources */,
				BA2BF8D323EB3AF8001508F9 /* UserAccountSignInPresenter.swift in Sources */,
				BA2BF88323EB36EA001508F9 /* ActivityInfoRouter.swift in Sources */,
				BA2BF8E323EB3B26001508F9 /* UserAccountSignUpWorker.swift in Sources */,
				BA2BF8B623EB39A5001508F9 /* EcoMapWorker.swift in Sources */,
				BA2BF89523EB372C001508F9 /* ActivityTilesCreator.swift in Sources */,
				BA9DB86423CE6DEA004F86A0 /* AppDelegate.swift in Sources */,
				BA2BF89023EB372C001508F9 /* ActivityTilesPresenter.swift in Sources */,
				BA2BF88123EB36EA001508F9 /* ActivityInfoPresenter.swift in Sources */,
				BA2BF88423EB36EA001508F9 /* ActivityInfoController.swift in Sources */,
				BAA73F8223CF888E00B4FEC8 /* R.generated.swift in Sources */,
				BA2BF8D823EB3AF8001508F9 /* UserAccountSignInCreator.swift in Sources */,
				BA2BF8C723EB3A2B001508F9 /* LibraryListController.swift in Sources */,
				BA2BF8E223EB3B26001508F9 /* UserAccountSignUpPresenter.swift in Sources */,
				BA2BF8C523EB3A2B001508F9 /* LibraryListWorker.swift in Sources */,
				BA2BF8E523EB3B26001508F9 /* UserAccountSignUpController.swift in Sources */,
				BA2BF89423EB372C001508F9 /* ActivityTilesInteractor.swift in Sources */,
				BA2BF8C923EB3A2B001508F9 /* LibraryListCreator.swift in Sources */,
				BA9DB86623CE6DEA004F86A0 /* SceneDelegate.swift in Sources */,
				BA2BF8A923EB3900001508F9 /* ActivityStatsController.swift in Sources */,
				BA2BF8A723EB3900001508F9 /* ActivityStatsWorker.swift in Sources */,
				BA2BF8A823EB3900001508F9 /* ActivityStatsRouter.swift in Sources */,
				BA2BF8AB23EB3900001508F9 /* ActivityStatsCreator.swift in Sources */,
				BA2BF8B523EB39A5001508F9 /* EcoMapPresenter.swift in Sources */,
				BA2BF8E423EB3B26001508F9 /* UserAccountSignUpRouter.swift in Sources */,
				BA2BF8D423EB3AF8001508F9 /* UserAccountSignInWorker.swift in Sources */,
				BA2BF8C823EB3A2B001508F9 /* LibraryListInteractor.swift in Sources */,
				BA2BF88623EB36EA001508F9 /* ActivityInfoCreator.swift in Sources */,
				BA2BF8BA23EB39A5001508F9 /* EcoMapCreator.swift in Sources */,
				BA2BF8D523EB3AF8001508F9 /* UserAccountSignInRouter.swift in Sources */,
				BA2BF89223EB372C001508F9 /* ActivityTilesRouter.swift in Sources */,
				BA2BF8AA23EB3900001508F9 /* ActivityStatsInteractor.swift in Sources */,
				BA2BF8D723EB3AF8001508F9 /* UserAccountSignInInteractor.swift in Sources */,
				BA2BF8B923EB39A5001508F9 /* EcoMapInteractor.swift in Sources */,
				BA2BF88523EB36EA001508F9 /* ActivityInfoInteractor.swift in Sources */,
				BA2BF8C623EB3A2B001508F9 /* LibraryListRouter.swift in Sources */,
				BA2BF8C423EB3A2B001508F9 /* LibraryListPresenter.swift in Sources */,
				BA2BF89323EB372C001508F9 /* ActivityTilesController.swift in Sources */,
				BA9DB86E23CE6DEA004F86A0 /* ZeroWasteFriendly.xcdatamodeld in Sources */,
				BA2BF8E723EB3B26001508F9 /* UserAccountSignUpCreator.swift in Sources */,
				BA2BF8B823EB39A5001508F9 /* EcoMapController.swift in Sources */,
				BA2BF8B723EB39A5001508F9 /* EcoMapRouter.swift in Sources */,
			);
			runOnlyForDeploymentPostprocessing = 0;
		};
		BA9DB87523CE6DED004F86A0 /* Sources */ = {
			isa = PBXSourcesBuildPhase;
			buildActionMask = 2147483647;
			files = (
				BA9DB87E23CE6DED004F86A0 /* ZeroWasteFriendlyTests.swift in Sources */,
			);
			runOnlyForDeploymentPostprocessing = 0;
		};
/* End PBXSourcesBuildPhase section */

/* Begin PBXTargetDependency section */
		BA9DB87B23CE6DED004F86A0 /* PBXTargetDependency */ = {
			isa = PBXTargetDependency;
			target = BA9DB85F23CE6DEA004F86A0 /* ZeroWasteFriendly */;
			targetProxy = BA9DB87A23CE6DED004F86A0 /* PBXContainerItemProxy */;
		};
/* End PBXTargetDependency section */

/* Begin PBXVariantGroup section */
		BA9DB87123CE6DED004F86A0 /* LaunchScreen.storyboard */ = {
			isa = PBXVariantGroup;
			children = (
				BA9DB87223CE6DED004F86A0 /* Base */,
			);
			name = LaunchScreen.storyboard;
			sourceTree = "<group>";
		};
/* End PBXVariantGroup section */

/* Begin XCBuildConfiguration section */
		BA9DB88023CE6DED004F86A0 /* Debug */ = {
			isa = XCBuildConfiguration;
			buildSettings = {
				ALWAYS_SEARCH_USER_PATHS = NO;
				CLANG_ANALYZER_NONNULL = YES;
				CLANG_ANALYZER_NUMBER_OBJECT_CONVERSION = YES_AGGRESSIVE;
				CLANG_CXX_LANGUAGE_STANDARD = "gnu++14";
				CLANG_CXX_LIBRARY = "libc++";
				CLANG_ENABLE_MODULES = YES;
				CLANG_ENABLE_OBJC_ARC = YES;
				CLANG_ENABLE_OBJC_WEAK = YES;
				CLANG_WARN_BLOCK_CAPTURE_AUTORELEASING = YES;
				CLANG_WARN_BOOL_CONVERSION = YES;
				CLANG_WARN_COMMA = YES;
				CLANG_WARN_CONSTANT_CONVERSION = YES;
				CLANG_WARN_DEPRECATED_OBJC_IMPLEMENTATIONS = YES;
				CLANG_WARN_DIRECT_OBJC_ISA_USAGE = YES_ERROR;
				CLANG_WARN_DOCUMENTATION_COMMENTS = YES;
				CLANG_WARN_EMPTY_BODY = YES;
				CLANG_WARN_ENUM_CONVERSION = YES;
				CLANG_WARN_INFINITE_RECURSION = YES;
				CLANG_WARN_INT_CONVERSION = YES;
				CLANG_WARN_NON_LITERAL_NULL_CONVERSION = YES;
				CLANG_WARN_OBJC_IMPLICIT_RETAIN_SELF = YES;
				CLANG_WARN_OBJC_LITERAL_CONVERSION = YES;
				CLANG_WARN_OBJC_ROOT_CLASS = YES_ERROR;
				CLANG_WARN_RANGE_LOOP_ANALYSIS = YES;
				CLANG_WARN_STRICT_PROTOTYPES = YES;
				CLANG_WARN_SUSPICIOUS_MOVE = YES;
				CLANG_WARN_UNGUARDED_AVAILABILITY = YES_AGGRESSIVE;
				CLANG_WARN_UNREACHABLE_CODE = YES;
				CLANG_WARN__DUPLICATE_METHOD_MATCH = YES;
				COPY_PHASE_STRIP = NO;
				DEBUG_INFORMATION_FORMAT = dwarf;
				ENABLE_STRICT_OBJC_MSGSEND = YES;
				ENABLE_TESTABILITY = YES;
				GCC_C_LANGUAGE_STANDARD = gnu11;
				GCC_DYNAMIC_NO_PIC = NO;
				GCC_NO_COMMON_BLOCKS = YES;
				GCC_OPTIMIZATION_LEVEL = 0;
				GCC_PREPROCESSOR_DEFINITIONS = (
					"DEBUG=1",
					"$(inherited)",
				);
				GCC_WARN_64_TO_32_BIT_CONVERSION = YES;
				GCC_WARN_ABOUT_RETURN_TYPE = YES_ERROR;
				GCC_WARN_UNDECLARED_SELECTOR = YES;
				GCC_WARN_UNINITIALIZED_AUTOS = YES_AGGRESSIVE;
				GCC_WARN_UNUSED_FUNCTION = YES;
				GCC_WARN_UNUSED_VARIABLE = YES;
				IPHONEOS_DEPLOYMENT_TARGET = 13.2;
				MTL_ENABLE_DEBUG_INFO = INCLUDE_SOURCE;
				MTL_FAST_MATH = YES;
				ONLY_ACTIVE_ARCH = YES;
				SDKROOT = iphoneos;
				SWIFT_ACTIVE_COMPILATION_CONDITIONS = DEBUG;
				SWIFT_OPTIMIZATION_LEVEL = "-Onone";
			};
			name = Debug;
		};
		BA9DB88123CE6DED004F86A0 /* Release */ = {
			isa = XCBuildConfiguration;
			buildSettings = {
				ALWAYS_SEARCH_USER_PATHS = NO;
				CLANG_ANALYZER_NONNULL = YES;
				CLANG_ANALYZER_NUMBER_OBJECT_CONVERSION = YES_AGGRESSIVE;
				CLANG_CXX_LANGUAGE_STANDARD = "gnu++14";
				CLANG_CXX_LIBRARY = "libc++";
				CLANG_ENABLE_MODULES = YES;
				CLANG_ENABLE_OBJC_ARC = YES;
				CLANG_ENABLE_OBJC_WEAK = YES;
				CLANG_WARN_BLOCK_CAPTURE_AUTORELEASING = YES;
				CLANG_WARN_BOOL_CONVERSION = YES;
				CLANG_WARN_COMMA = YES;
				CLANG_WARN_CONSTANT_CONVERSION = YES;
				CLANG_WARN_DEPRECATED_OBJC_IMPLEMENTATIONS = YES;
				CLANG_WARN_DIRECT_OBJC_ISA_USAGE = YES_ERROR;
				CLANG_WARN_DOCUMENTATION_COMMENTS = YES;
				CLANG_WARN_EMPTY_BODY = YES;
				CLANG_WARN_ENUM_CONVERSION = YES;
				CLANG_WARN_INFINITE_RECURSION = YES;
				CLANG_WARN_INT_CONVERSION = YES;
				CLANG_WARN_NON_LITERAL_NULL_CONVERSION = YES;
				CLANG_WARN_OBJC_IMPLICIT_RETAIN_SELF = YES;
				CLANG_WARN_OBJC_LITERAL_CONVERSION = YES;
				CLANG_WARN_OBJC_ROOT_CLASS = YES_ERROR;
				CLANG_WARN_RANGE_LOOP_ANALYSIS = YES;
				CLANG_WARN_STRICT_PROTOTYPES = YES;
				CLANG_WARN_SUSPICIOUS_MOVE = YES;
				CLANG_WARN_UNGUARDED_AVAILABILITY = YES_AGGRESSIVE;
				CLANG_WARN_UNREACHABLE_CODE = YES;
				CLANG_WARN__DUPLICATE_METHOD_MATCH = YES;
				COPY_PHASE_STRIP = NO;
				DEBUG_INFORMATION_FORMAT = "dwarf-with-dsym";
				ENABLE_NS_ASSERTIONS = NO;
				ENABLE_STRICT_OBJC_MSGSEND = YES;
				GCC_C_LANGUAGE_STANDARD = gnu11;
				GCC_NO_COMMON_BLOCKS = YES;
				GCC_WARN_64_TO_32_BIT_CONVERSION = YES;
				GCC_WARN_ABOUT_RETURN_TYPE = YES_ERROR;
				GCC_WARN_UNDECLARED_SELECTOR = YES;
				GCC_WARN_UNINITIALIZED_AUTOS = YES_AGGRESSIVE;
				GCC_WARN_UNUSED_FUNCTION = YES;
				GCC_WARN_UNUSED_VARIABLE = YES;
				IPHONEOS_DEPLOYMENT_TARGET = 13.2;
				MTL_ENABLE_DEBUG_INFO = NO;
				MTL_FAST_MATH = YES;
				SDKROOT = iphoneos;
				SWIFT_COMPILATION_MODE = wholemodule;
				SWIFT_OPTIMIZATION_LEVEL = "-O";
				VALIDATE_PRODUCT = YES;
			};
			name = Release;
		};
		BA9DB88323CE6DED004F86A0 /* Debug */ = {
			isa = XCBuildConfiguration;
			baseConfigurationReference = BDD5FC18CF7A7D72C6CD9C94 /* Pods-ZeroWasteFriendly.debug.xcconfig */;
			buildSettings = {
				ASSETCATALOG_COMPILER_APPICON_NAME = AppIcon;
				CODE_SIGN_STYLE = Automatic;
				INFOPLIST_FILE = ZeroWasteFriendly/Support/Info.plist;
				LD_RUNPATH_SEARCH_PATHS = (
					"$(inherited)",
					"@executable_path/Frameworks",
				);
				PRODUCT_BUNDLE_IDENTIFIER = com.vandermesis.ZeroWasteFriendly;
				PRODUCT_NAME = "$(TARGET_NAME)";
				SWIFT_VERSION = 5.0;
				TARGETED_DEVICE_FAMILY = 1;
			};
			name = Debug;
		};
		BA9DB88423CE6DED004F86A0 /* Release */ = {
			isa = XCBuildConfiguration;
			baseConfigurationReference = F0FCD6613C06ED65052314E9 /* Pods-ZeroWasteFriendly.release.xcconfig */;
			buildSettings = {
				ASSETCATALOG_COMPILER_APPICON_NAME = AppIcon;
				CODE_SIGN_STYLE = Automatic;
				INFOPLIST_FILE = ZeroWasteFriendly/Support/Info.plist;
				LD_RUNPATH_SEARCH_PATHS = (
					"$(inherited)",
					"@executable_path/Frameworks",
				);
				PRODUCT_BUNDLE_IDENTIFIER = com.vandermesis.ZeroWasteFriendly;
				PRODUCT_NAME = "$(TARGET_NAME)";
				SWIFT_VERSION = 5.0;
				TARGETED_DEVICE_FAMILY = 1;
			};
			name = Release;
		};
		BA9DB88623CE6DED004F86A0 /* Debug */ = {
			isa = XCBuildConfiguration;
			baseConfigurationReference = C68352541383528B58DB47D0 /* Pods-ZeroWasteFriendlyTests.debug.xcconfig */;
			buildSettings = {
				ALWAYS_EMBED_SWIFT_STANDARD_LIBRARIES = YES;
				BUNDLE_LOADER = "$(TEST_HOST)";
				CODE_SIGN_STYLE = Automatic;
				INFOPLIST_FILE = ZeroWasteFriendlyTests/Info.plist;
				IPHONEOS_DEPLOYMENT_TARGET = 13.2;
				LD_RUNPATH_SEARCH_PATHS = (
					"$(inherited)",
					"@executable_path/Frameworks",
					"@loader_path/Frameworks",
				);
				PRODUCT_BUNDLE_IDENTIFIER = com.vandermesis.ZeroWasteFriendlyTests;
				PRODUCT_NAME = "$(TARGET_NAME)";
				SWIFT_VERSION = 5.0;
				TARGETED_DEVICE_FAMILY = "1,2";
				TEST_HOST = "$(BUILT_PRODUCTS_DIR)/ZeroWasteFriendly.app/ZeroWasteFriendly";
			};
			name = Debug;
		};
		BA9DB88723CE6DED004F86A0 /* Release */ = {
			isa = XCBuildConfiguration;
			baseConfigurationReference = 79D7FE21680A085AEC2AF910 /* Pods-ZeroWasteFriendlyTests.release.xcconfig */;
			buildSettings = {
				ALWAYS_EMBED_SWIFT_STANDARD_LIBRARIES = YES;
				BUNDLE_LOADER = "$(TEST_HOST)";
				CODE_SIGN_STYLE = Automatic;
				INFOPLIST_FILE = ZeroWasteFriendlyTests/Info.plist;
				IPHONEOS_DEPLOYMENT_TARGET = 13.2;
				LD_RUNPATH_SEARCH_PATHS = (
					"$(inherited)",
					"@executable_path/Frameworks",
					"@loader_path/Frameworks",
				);
				PRODUCT_BUNDLE_IDENTIFIER = com.vandermesis.ZeroWasteFriendlyTests;
				PRODUCT_NAME = "$(TARGET_NAME)";
				SWIFT_VERSION = 5.0;
				TARGETED_DEVICE_FAMILY = "1,2";
				TEST_HOST = "$(BUILT_PRODUCTS_DIR)/ZeroWasteFriendly.app/ZeroWasteFriendly";
			};
			name = Release;
		};
/* End XCBuildConfiguration section */

/* Begin XCConfigurationList section */
		BA9DB85B23CE6DEA004F86A0 /* Build configuration list for PBXProject "ZeroWasteFriendly" */ = {
			isa = XCConfigurationList;
			buildConfigurations = (
				BA9DB88023CE6DED004F86A0 /* Debug */,
				BA9DB88123CE6DED004F86A0 /* Release */,
			);
			defaultConfigurationIsVisible = 0;
			defaultConfigurationName = Release;
		};
		BA9DB88223CE6DED004F86A0 /* Build configuration list for PBXNativeTarget "ZeroWasteFriendly" */ = {
			isa = XCConfigurationList;
			buildConfigurations = (
				BA9DB88323CE6DED004F86A0 /* Debug */,
				BA9DB88423CE6DED004F86A0 /* Release */,
			);
			defaultConfigurationIsVisible = 0;
			defaultConfigurationName = Release;
		};
		BA9DB88523CE6DED004F86A0 /* Build configuration list for PBXNativeTarget "ZeroWasteFriendlyTests" */ = {
			isa = XCConfigurationList;
			buildConfigurations = (
				BA9DB88623CE6DED004F86A0 /* Debug */,
				BA9DB88723CE6DED004F86A0 /* Release */,
			);
			defaultConfigurationIsVisible = 0;
			defaultConfigurationName = Release;
		};
/* End XCConfigurationList section */

/* Begin XCVersionGroup section */
		BA9DB86C23CE6DEA004F86A0 /* ZeroWasteFriendly.xcdatamodeld */ = {
			isa = XCVersionGroup;
			children = (
				BA9DB86D23CE6DEA004F86A0 /* ZeroWasteFriendly.xcdatamodel */,
			);
			currentVersion = BA9DB86D23CE6DEA004F86A0 /* ZeroWasteFriendly.xcdatamodel */;
			path = ZeroWasteFriendly.xcdatamodeld;
			sourceTree = "<group>";
			versionGroupType = wrapper.xcdatamodel;
		};
/* End XCVersionGroup section */
	};
	rootObject = BA9DB85823CE6DEA004F86A0 /* Project object */;
}
